# This file is @generated by PDM.
# It is not intended for manual editing.

[metadata]
groups = ["default", "dev"]
strategy = ["cross_platform", "inherit_metadata"]
lock_version = "4.4.1"
content_hash = "sha256:1cb6a8dccce197f43837bc2935d70c69a43428ec017de706cb12c0093779e5cc"

[[package]]
name = "aiohttp"
version = "3.9.4"
requires_python = ">=3.8"
summary = "Async http client/server framework (asyncio)"
groups = ["default"]
dependencies = [
    "aiosignal>=1.1.2",
    "async-timeout<5.0,>=4.0; python_version < \"3.11\"",
    "attrs>=17.3.0",
    "frozenlist>=1.1.1",
    "multidict<7.0,>=4.5",
    "yarl<2.0,>=1.0",
]
files = [
    {file = "aiohttp-3.9.4-cp310-cp310-macosx_10_9_universal2.whl", hash = "sha256:76d32588ef7e4a3f3adff1956a0ba96faabbdee58f2407c122dd45aa6e34f372"},
    {file = "aiohttp-3.9.4-cp310-cp310-macosx_10_9_x86_64.whl", hash = "sha256:56181093c10dbc6ceb8a29dfeea1e815e1dfdc020169203d87fd8d37616f73f9"},
    {file = "aiohttp-3.9.4-cp310-cp310-macosx_11_0_arm64.whl", hash = "sha256:c7a5b676d3c65e88b3aca41816bf72831898fcd73f0cbb2680e9d88e819d1e4d"},
    {file = "aiohttp-3.9.4-cp310-cp310-manylinux_2_17_aarch64.manylinux2014_aarch64.whl", hash = "sha256:d1df528a85fb404899d4207a8d9934cfd6be626e30e5d3a5544a83dbae6d8a7e"},
    {file = "aiohttp-3.9.4-cp310-cp310-manylinux_2_17_ppc64le.manylinux2014_ppc64le.whl", hash = "sha256:f595db1bceabd71c82e92df212dd9525a8a2c6947d39e3c994c4f27d2fe15b11"},
    {file = "aiohttp-3.9.4-cp310-cp310-manylinux_2_17_s390x.manylinux2014_s390x.whl", hash = "sha256:9c0b09d76e5a4caac3d27752027fbd43dc987b95f3748fad2b924a03fe8632ad"},
    {file = "aiohttp-3.9.4-cp310-cp310-manylinux_2_17_x86_64.manylinux2014_x86_64.whl", hash = "sha256:689eb4356649ec9535b3686200b231876fb4cab4aca54e3bece71d37f50c1d13"},
    {file = "aiohttp-3.9.4-cp310-cp310-manylinux_2_5_i686.manylinux1_i686.manylinux_2_17_i686.manylinux2014_i686.whl", hash = "sha256:a3666cf4182efdb44d73602379a66f5fdfd5da0db5e4520f0ac0dcca644a3497"},
    {file = "aiohttp-3.9.4-cp310-cp310-musllinux_1_1_aarch64.whl", hash = "sha256:b65b0f8747b013570eea2f75726046fa54fa8e0c5db60f3b98dd5d161052004a"},
    {file = "aiohttp-3.9.4-cp310-cp310-musllinux_1_1_i686.whl", hash = "sha256:a1885d2470955f70dfdd33a02e1749613c5a9c5ab855f6db38e0b9389453dce7"},
    {file = "aiohttp-3.9.4-cp310-cp310-musllinux_1_1_ppc64le.whl", hash = "sha256:0593822dcdb9483d41f12041ff7c90d4d1033ec0e880bcfaf102919b715f47f1"},
    {file = "aiohttp-3.9.4-cp310-cp310-musllinux_1_1_s390x.whl", hash = "sha256:47f6eb74e1ecb5e19a78f4a4228aa24df7fbab3b62d4a625d3f41194a08bd54f"},
    {file = "aiohttp-3.9.4-cp310-cp310-musllinux_1_1_x86_64.whl", hash = "sha256:c8b04a3dbd54de6ccb7604242fe3ad67f2f3ca558f2d33fe19d4b08d90701a89"},
    {file = "aiohttp-3.9.4-cp310-cp310-win32.whl", hash = "sha256:8a78dfb198a328bfb38e4308ca8167028920fb747ddcf086ce706fbdd23b2926"},
    {file = "aiohttp-3.9.4-cp310-cp310-win_amd64.whl", hash = "sha256:e78da6b55275987cbc89141a1d8e75f5070e577c482dd48bd9123a76a96f0bbb"},
    {file = "aiohttp-3.9.4-cp311-cp311-macosx_10_9_universal2.whl", hash = "sha256:c111b3c69060d2bafc446917534150fd049e7aedd6cbf21ba526a5a97b4402a5"},
    {file = "aiohttp-3.9.4-cp311-cp311-macosx_10_9_x86_64.whl", hash = "sha256:efbdd51872cf170093998c87ccdf3cb5993add3559341a8e5708bcb311934c94"},
    {file = "aiohttp-3.9.4-cp311-cp311-macosx_11_0_arm64.whl", hash = "sha256:7bfdb41dc6e85d8535b00d73947548a748e9534e8e4fddd2638109ff3fb081df"},
    {file = "aiohttp-3.9.4-cp311-cp311-manylinux_2_17_aarch64.manylinux2014_aarch64.whl", hash = "sha256:2bd9d334412961125e9f68d5b73c1d0ab9ea3f74a58a475e6b119f5293eee7ba"},
    {file = "aiohttp-3.9.4-cp311-cp311-manylinux_2_17_ppc64le.manylinux2014_ppc64le.whl", hash = "sha256:35d78076736f4a668d57ade00c65d30a8ce28719d8a42471b2a06ccd1a2e3063"},
    {file = "aiohttp-3.9.4-cp311-cp311-manylinux_2_17_s390x.manylinux2014_s390x.whl", hash = "sha256:824dff4f9f4d0f59d0fa3577932ee9a20e09edec8a2f813e1d6b9f89ced8293f"},
    {file = "aiohttp-3.9.4-cp311-cp311-manylinux_2_17_x86_64.manylinux2014_x86_64.whl", hash = "sha256:52b8b4e06fc15519019e128abedaeb56412b106ab88b3c452188ca47a25c4093"},
    {file = "aiohttp-3.9.4-cp311-cp311-manylinux_2_5_i686.manylinux1_i686.manylinux_2_17_i686.manylinux2014_i686.whl", hash = "sha256:eae569fb1e7559d4f3919965617bb39f9e753967fae55ce13454bec2d1c54f09"},
    {file = "aiohttp-3.9.4-cp311-cp311-musllinux_1_1_aarch64.whl", hash = "sha256:69b97aa5792428f321f72aeb2f118e56893371f27e0b7d05750bcad06fc42ca1"},
    {file = "aiohttp-3.9.4-cp311-cp311-musllinux_1_1_i686.whl", hash = "sha256:4d79aad0ad4b980663316f26d9a492e8fab2af77c69c0f33780a56843ad2f89e"},
    {file = "aiohttp-3.9.4-cp311-cp311-musllinux_1_1_ppc64le.whl", hash = "sha256:d6577140cd7db19e430661e4b2653680194ea8c22c994bc65b7a19d8ec834403"},
    {file = "aiohttp-3.9.4-cp311-cp311-musllinux_1_1_s390x.whl", hash = "sha256:9860d455847cd98eb67897f5957b7cd69fbcb436dd3f06099230f16a66e66f79"},
    {file = "aiohttp-3.9.4-cp311-cp311-musllinux_1_1_x86_64.whl", hash = "sha256:69ff36d3f8f5652994e08bd22f093e11cfd0444cea310f92e01b45a4e46b624e"},
    {file = "aiohttp-3.9.4-cp311-cp311-win32.whl", hash = "sha256:e27d3b5ed2c2013bce66ad67ee57cbf614288bda8cdf426c8d8fe548316f1b5f"},
    {file = "aiohttp-3.9.4-cp311-cp311-win_amd64.whl", hash = "sha256:d6a67e26daa686a6fbdb600a9af8619c80a332556245fa8e86c747d226ab1a1e"},
    {file = "aiohttp-3.9.4-cp312-cp312-macosx_10_9_universal2.whl", hash = "sha256:c5ff8ff44825736a4065d8544b43b43ee4c6dd1530f3a08e6c0578a813b0aa35"},
    {file = "aiohttp-3.9.4-cp312-cp312-macosx_10_9_x86_64.whl", hash = "sha256:d12a244627eba4e9dc52cbf924edef905ddd6cafc6513849b4876076a6f38b0e"},
    {file = "aiohttp-3.9.4-cp312-cp312-macosx_11_0_arm64.whl", hash = "sha256:dcad56c8d8348e7e468899d2fb3b309b9bc59d94e6db08710555f7436156097f"},
    {file = "aiohttp-3.9.4-cp312-cp312-manylinux_2_17_aarch64.manylinux2014_aarch64.whl", hash = "sha256:4f7e69a7fd4b5ce419238388e55abd220336bd32212c673ceabc57ccf3d05b55"},
    {file = "aiohttp-3.9.4-cp312-cp312-manylinux_2_17_ppc64le.manylinux2014_ppc64le.whl", hash = "sha256:c4870cb049f10d7680c239b55428916d84158798eb8f353e74fa2c98980dcc0b"},
    {file = "aiohttp-3.9.4-cp312-cp312-manylinux_2_17_s390x.manylinux2014_s390x.whl", hash = "sha256:3b2feaf1b7031ede1bc0880cec4b0776fd347259a723d625357bb4b82f62687b"},
    {file = "aiohttp-3.9.4-cp312-cp312-manylinux_2_17_x86_64.manylinux2014_x86_64.whl", hash = "sha256:939393e8c3f0a5bcd33ef7ace67680c318dc2ae406f15e381c0054dd658397de"},
    {file = "aiohttp-3.9.4-cp312-cp312-manylinux_2_5_i686.manylinux1_i686.manylinux_2_17_i686.manylinux2014_i686.whl", hash = "sha256:7d2334e387b2adcc944680bebcf412743f2caf4eeebd550f67249c1c3696be04"},
    {file = "aiohttp-3.9.4-cp312-cp312-musllinux_1_1_aarch64.whl", hash = "sha256:e0198ea897680e480845ec0ffc5a14e8b694e25b3f104f63676d55bf76a82f1a"},
    {file = "aiohttp-3.9.4-cp312-cp312-musllinux_1_1_i686.whl", hash = "sha256:e40d2cd22914d67c84824045861a5bb0fb46586b15dfe4f046c7495bf08306b2"},
    {file = "aiohttp-3.9.4-cp312-cp312-musllinux_1_1_ppc64le.whl", hash = "sha256:aba80e77c227f4234aa34a5ff2b6ff30c5d6a827a91d22ff6b999de9175d71bd"},
    {file = "aiohttp-3.9.4-cp312-cp312-musllinux_1_1_s390x.whl", hash = "sha256:fb68dc73bc8ac322d2e392a59a9e396c4f35cb6fdbdd749e139d1d6c985f2527"},
    {file = "aiohttp-3.9.4-cp312-cp312-musllinux_1_1_x86_64.whl", hash = "sha256:f3460a92638dce7e47062cf088d6e7663adb135e936cb117be88d5e6c48c9d53"},
    {file = "aiohttp-3.9.4-cp312-cp312-win32.whl", hash = "sha256:32dc814ddbb254f6170bca198fe307920f6c1308a5492f049f7f63554b88ef36"},
    {file = "aiohttp-3.9.4-cp312-cp312-win_amd64.whl", hash = "sha256:63f41a909d182d2b78fe3abef557fcc14da50c7852f70ae3be60e83ff64edba5"},
    {file = "aiohttp-3.9.4.tar.gz", hash = "sha256:6ff71ede6d9a5a58cfb7b6fffc83ab5d4a63138276c771ac91ceaaddf5459644"},
]

[[package]]
name = "aiosignal"
version = "1.3.1"
requires_python = ">=3.7"
summary = "aiosignal: a list of registered asynchronous callbacks"
groups = ["default"]
dependencies = [
    "frozenlist>=1.1.0",
]
files = [
    {file = "aiosignal-1.3.1-py3-none-any.whl", hash = "sha256:f8376fb07dd1e86a584e4fcdec80b36b7f81aac666ebc724e2c090300dd83b17"},
    {file = "aiosignal-1.3.1.tar.gz", hash = "sha256:54cd96e15e1649b75d6c87526a6ff0b6c1b0dd3459f43d9ca11d48c339b68cfc"},
]

[[package]]
name = "async-timeout"
version = "4.0.3"
requires_python = ">=3.7"
summary = "Timeout context manager for asyncio programs"
groups = ["default"]
marker = "python_version < \"3.11\""
files = [
    {file = "async-timeout-4.0.3.tar.gz", hash = "sha256:4640d96be84d82d02ed59ea2b7105a0f7b33abe8703703cd0ab0bf87c427522f"},
    {file = "async_timeout-4.0.3-py3-none-any.whl", hash = "sha256:7405140ff1230c310e51dc27b3145b9092d659ce68ff733fb0cefe3ee42be028"},
]

[[package]]
name = "attrs"
version = "23.2.0"
requires_python = ">=3.7"
summary = "Classes Without Boilerplate"
groups = ["default"]
files = [
    {file = "attrs-23.2.0-py3-none-any.whl", hash = "sha256:99b87a485a5820b23b879f04c2305b44b951b502fd64be915879d77a7e8fc6f1"},
    {file = "attrs-23.2.0.tar.gz", hash = "sha256:935dc3b529c262f6cf76e50877d35a4bd3c1de194fd41f47a2b7ae8f19971f30"},
]

[[package]]
name = "frozenlist"
version = "1.4.1"
requires_python = ">=3.8"
summary = "A list-like structure which implements collections.abc.MutableSequence"
groups = ["default"]
files = [
    {file = "frozenlist-1.4.1-cp310-cp310-macosx_10_9_universal2.whl", hash = "sha256:f9aa1878d1083b276b0196f2dfbe00c9b7e752475ed3b682025ff20c1c1f51ac"},
    {file = "frozenlist-1.4.1-cp310-cp310-macosx_10_9_x86_64.whl", hash = "sha256:29acab3f66f0f24674b7dc4736477bcd4bc3ad4b896f5f45379a67bce8b96868"},
    {file = "frozenlist-1.4.1-cp310-cp310-macosx_11_0_arm64.whl", hash = "sha256:74fb4bee6880b529a0c6560885fce4dc95936920f9f20f53d99a213f7bf66776"},
    {file = "frozenlist-1.4.1-cp310-cp310-manylinux_2_17_aarch64.manylinux2014_aarch64.whl", hash = "sha256:590344787a90ae57d62511dd7c736ed56b428f04cd8c161fcc5e7232c130c69a"},
    {file = "frozenlist-1.4.1-cp310-cp310-manylinux_2_17_ppc64le.manylinux2014_ppc64le.whl", hash = "sha256:068b63f23b17df8569b7fdca5517edef76171cf3897eb68beb01341131fbd2ad"},
    {file = "frozenlist-1.4.1-cp310-cp310-manylinux_2_17_s390x.manylinux2014_s390x.whl", hash = "sha256:5c849d495bf5154cd8da18a9eb15db127d4dba2968d88831aff6f0331ea9bd4c"},
    {file = "frozenlist-1.4.1-cp310-cp310-manylinux_2_5_i686.manylinux1_i686.manylinux_2_17_i686.manylinux2014_i686.whl", hash = "sha256:9750cc7fe1ae3b1611bb8cfc3f9ec11d532244235d75901fb6b8e42ce9229dfe"},
    {file = "frozenlist-1.4.1-cp310-cp310-manylinux_2_5_x86_64.manylinux1_x86_64.manylinux_2_17_x86_64.manylinux2014_x86_64.whl", hash = "sha256:a9b2de4cf0cdd5bd2dee4c4f63a653c61d2408055ab77b151c1957f221cabf2a"},
    {file = "frozenlist-1.4.1-cp310-cp310-musllinux_1_1_aarch64.whl", hash = "sha256:0633c8d5337cb5c77acbccc6357ac49a1770b8c487e5b3505c57b949b4b82e98"},
    {file = "frozenlist-1.4.1-cp310-cp310-musllinux_1_1_i686.whl", hash = "sha256:27657df69e8801be6c3638054e202a135c7f299267f1a55ed3a598934f6c0d75"},
    {file = "frozenlist-1.4.1-cp310-cp310-musllinux_1_1_ppc64le.whl", hash = "sha256:f9a3ea26252bd92f570600098783d1371354d89d5f6b7dfd87359d669f2109b5"},
    {file = "frozenlist-1.4.1-cp310-cp310-musllinux_1_1_s390x.whl", hash = "sha256:4f57dab5fe3407b6c0c1cc907ac98e8a189f9e418f3b6e54d65a718aaafe3950"},
    {file = "frozenlist-1.4.1-cp310-cp310-musllinux_1_1_x86_64.whl", hash = "sha256:e02a0e11cf6597299b9f3bbd3f93d79217cb90cfd1411aec33848b13f5c656cc"},
    {file = "frozenlist-1.4.1-cp310-cp310-win32.whl", hash = "sha256:a828c57f00f729620a442881cc60e57cfcec6842ba38e1b19fd3e47ac0ff8dc1"},
    {file = "frozenlist-1.4.1-cp310-cp310-win_amd64.whl", hash = "sha256:f56e2333dda1fe0f909e7cc59f021eba0d2307bc6f012a1ccf2beca6ba362439"},
    {file = "frozenlist-1.4.1-cp311-cp311-macosx_10_9_universal2.whl", hash = "sha256:a0cb6f11204443f27a1628b0e460f37fb30f624be6051d490fa7d7e26d4af3d0"},
    {file = "frozenlist-1.4.1-cp311-cp311-macosx_10_9_x86_64.whl", hash = "sha256:b46c8ae3a8f1f41a0d2ef350c0b6e65822d80772fe46b653ab6b6274f61d4a49"},
    {file = "frozenlist-1.4.1-cp311-cp311-macosx_11_0_arm64.whl", hash = "sha256:fde5bd59ab5357e3853313127f4d3565fc7dad314a74d7b5d43c22c6a5ed2ced"},
    {file = "frozenlist-1.4.1-cp311-cp311-manylinux_2_17_aarch64.manylinux2014_aarch64.whl", hash = "sha256:722e1124aec435320ae01ee3ac7bec11a5d47f25d0ed6328f2273d287bc3abb0"},
    {file = "frozenlist-1.4.1-cp311-cp311-manylinux_2_17_ppc64le.manylinux2014_ppc64le.whl", hash = "sha256:2471c201b70d58a0f0c1f91261542a03d9a5e088ed3dc6c160d614c01649c106"},
    {file = "frozenlist-1.4.1-cp311-cp311-manylinux_2_17_s390x.manylinux2014_s390x.whl", hash = "sha256:c757a9dd70d72b076d6f68efdbb9bc943665ae954dad2801b874c8c69e185068"},
    {file = "frozenlist-1.4.1-cp311-cp311-manylinux_2_5_i686.manylinux1_i686.manylinux_2_17_i686.manylinux2014_i686.whl", hash = "sha256:f146e0911cb2f1da549fc58fc7bcd2b836a44b79ef871980d605ec392ff6b0d2"},
    {file = "frozenlist-1.4.1-cp311-cp311-manylinux_2_5_x86_64.manylinux1_x86_64.manylinux_2_17_x86_64.manylinux2014_x86_64.whl", hash = "sha256:4f9c515e7914626b2a2e1e311794b4c35720a0be87af52b79ff8e1429fc25f19"},
    {file = "frozenlist-1.4.1-cp311-cp311-musllinux_1_1_aarch64.whl", hash = "sha256:c302220494f5c1ebeb0912ea782bcd5e2f8308037b3c7553fad0e48ebad6ad82"},
    {file = "frozenlist-1.4.1-cp311-cp311-musllinux_1_1_i686.whl", hash = "sha256:442acde1e068288a4ba7acfe05f5f343e19fac87bfc96d89eb886b0363e977ec"},
    {file = "frozenlist-1.4.1-cp311-cp311-musllinux_1_1_ppc64le.whl", hash = "sha256:1b280e6507ea8a4fa0c0a7150b4e526a8d113989e28eaaef946cc77ffd7efc0a"},
    {file = "frozenlist-1.4.1-cp311-cp311-musllinux_1_1_s390x.whl", hash = "sha256:fe1a06da377e3a1062ae5fe0926e12b84eceb8a50b350ddca72dc85015873f74"},
    {file = "frozenlist-1.4.1-cp311-cp311-musllinux_1_1_x86_64.whl", hash = "sha256:db9e724bebd621d9beca794f2a4ff1d26eed5965b004a97f1f1685a173b869c2"},
    {file = "frozenlist-1.4.1-cp311-cp311-win32.whl", hash = "sha256:e774d53b1a477a67838a904131c4b0eef6b3d8a651f8b138b04f748fccfefe17"},
    {file = "frozenlist-1.4.1-cp311-cp311-win_amd64.whl", hash = "sha256:fb3c2db03683b5767dedb5769b8a40ebb47d6f7f45b1b3e3b4b51ec8ad9d9825"},
    {file = "frozenlist-1.4.1-cp312-cp312-macosx_10_9_universal2.whl", hash = "sha256:1979bc0aeb89b33b588c51c54ab0161791149f2461ea7c7c946d95d5f93b56ae"},
    {file = "frozenlist-1.4.1-cp312-cp312-macosx_10_9_x86_64.whl", hash = "sha256:cc7b01b3754ea68a62bd77ce6020afaffb44a590c2289089289363472d13aedb"},
    {file = "frozenlist-1.4.1-cp312-cp312-macosx_11_0_arm64.whl", hash = "sha256:c9c92be9fd329ac801cc420e08452b70e7aeab94ea4233a4804f0915c14eba9b"},
    {file = "frozenlist-1.4.1-cp312-cp312-manylinux_2_17_aarch64.manylinux2014_aarch64.whl", hash = "sha256:5c3894db91f5a489fc8fa6a9991820f368f0b3cbdb9cd8849547ccfab3392d86"},
    {file = "frozenlist-1.4.1-cp312-cp312-manylinux_2_17_ppc64le.manylinux2014_ppc64le.whl", hash = "sha256:ba60bb19387e13597fb059f32cd4d59445d7b18b69a745b8f8e5db0346f33480"},
    {file = "frozenlist-1.4.1-cp312-cp312-manylinux_2_17_s390x.manylinux2014_s390x.whl", hash = "sha256:8aefbba5f69d42246543407ed2461db31006b0f76c4e32dfd6f42215a2c41d09"},
    {file = "frozenlist-1.4.1-cp312-cp312-manylinux_2_5_i686.manylinux1_i686.manylinux_2_17_i686.manylinux2014_i686.whl", hash = "sha256:780d3a35680ced9ce682fbcf4cb9c2bad3136eeff760ab33707b71db84664e3a"},
    {file = "frozenlist-1.4.1-cp312-cp312-manylinux_2_5_x86_64.manylinux1_x86_64.manylinux_2_17_x86_64.manylinux2014_x86_64.whl", hash = "sha256:9acbb16f06fe7f52f441bb6f413ebae6c37baa6ef9edd49cdd567216da8600cd"},
    {file = "frozenlist-1.4.1-cp312-cp312-musllinux_1_1_aarch64.whl", hash = "sha256:23b701e65c7b36e4bf15546a89279bd4d8675faabc287d06bbcfac7d3c33e1e6"},
    {file = "frozenlist-1.4.1-cp312-cp312-musllinux_1_1_i686.whl", hash = "sha256:3e0153a805a98f5ada7e09826255ba99fb4f7524bb81bf6b47fb702666484ae1"},
    {file = "frozenlist-1.4.1-cp312-cp312-musllinux_1_1_ppc64le.whl", hash = "sha256:dd9b1baec094d91bf36ec729445f7769d0d0cf6b64d04d86e45baf89e2b9059b"},
    {file = "frozenlist-1.4.1-cp312-cp312-musllinux_1_1_s390x.whl", hash = "sha256:1a4471094e146b6790f61b98616ab8e44f72661879cc63fa1049d13ef711e71e"},
    {file = "frozenlist-1.4.1-cp312-cp312-musllinux_1_1_x86_64.whl", hash = "sha256:5667ed53d68d91920defdf4035d1cdaa3c3121dc0b113255124bcfada1cfa1b8"},
    {file = "frozenlist-1.4.1-cp312-cp312-win32.whl", hash = "sha256:beee944ae828747fd7cb216a70f120767fc9f4f00bacae8543c14a6831673f89"},
    {file = "frozenlist-1.4.1-cp312-cp312-win_amd64.whl", hash = "sha256:64536573d0a2cb6e625cf309984e2d873979709f2cf22839bf2d61790b448ad5"},
    {file = "frozenlist-1.4.1-py3-none-any.whl", hash = "sha256:04ced3e6a46b4cfffe20f9ae482818e34eba9b5fb0ce4056e4cc9b6e212d09b7"},
    {file = "frozenlist-1.4.1.tar.gz", hash = "sha256:c037a86e8513059a2613aaba4d817bb90b9d9b6b69aace3ce9c877e8c8ed402b"},
]

[[package]]
name = "idna"
version = "3.7"
requires_python = ">=3.5"
summary = "Internationalized Domain Names in Applications (IDNA)"
groups = ["default"]
files = [
    {file = "idna-3.7-py3-none-any.whl", hash = "sha256:82fee1fc78add43492d3a1898bfa6d8a904cc97d8427f683ed8e798d07761aa0"},
    {file = "idna-3.7.tar.gz", hash = "sha256:028ff3aadf0609c1fd278d8ea3089299412a7a8b9bd005dd08b9f8285bcb5cfc"},
]

[[package]]
name = "multidict"
version = "6.0.5"
requires_python = ">=3.7"
summary = "multidict implementation"
groups = ["default"]
files = [
    {file = "multidict-6.0.5-cp310-cp310-macosx_10_9_universal2.whl", hash = "sha256:228b644ae063c10e7f324ab1ab6b548bdf6f8b47f3ec234fef1093bc2735e5f9"},
    {file = "multidict-6.0.5-cp310-cp310-macosx_10_9_x86_64.whl", hash = "sha256:896ebdcf62683551312c30e20614305f53125750803b614e9e6ce74a96232604"},
    {file = "multidict-6.0.5-cp310-cp310-macosx_11_0_arm64.whl", hash = "sha256:411bf8515f3be9813d06004cac41ccf7d1cd46dfe233705933dd163b60e37600"},
    {file = "multidict-6.0.5-cp310-cp310-manylinux_2_17_aarch64.manylinux2014_aarch64.whl", hash = "sha256:1d147090048129ce3c453f0292e7697d333db95e52616b3793922945804a433c"},
    {file = "multidict-6.0.5-cp310-cp310-manylinux_2_17_ppc64le.manylinux2014_ppc64le.whl", hash = "sha256:215ed703caf15f578dca76ee6f6b21b7603791ae090fbf1ef9d865571039ade5"},
    {file = "multidict-6.0.5-cp310-cp310-manylinux_2_17_s390x.manylinux2014_s390x.whl", hash = "sha256:7c6390cf87ff6234643428991b7359b5f59cc15155695deb4eda5c777d2b880f"},
    {file = "multidict-6.0.5-cp310-cp310-manylinux_2_17_x86_64.manylinux2014_x86_64.whl", hash = "sha256:21fd81c4ebdb4f214161be351eb5bcf385426bf023041da2fd9e60681f3cebae"},
    {file = "multidict-6.0.5-cp310-cp310-manylinux_2_5_i686.manylinux1_i686.manylinux_2_17_i686.manylinux2014_i686.whl", hash = "sha256:3cc2ad10255f903656017363cd59436f2111443a76f996584d1077e43ee51182"},
    {file = "multidict-6.0.5-cp310-cp310-musllinux_1_1_aarch64.whl", hash = "sha256:6939c95381e003f54cd4c5516740faba40cf5ad3eeff460c3ad1d3e0ea2549bf"},
    {file = "multidict-6.0.5-cp310-cp310-musllinux_1_1_i686.whl", hash = "sha256:220dd781e3f7af2c2c1053da9fa96d9cf3072ca58f057f4c5adaaa1cab8fc442"},
    {file = "multidict-6.0.5-cp310-cp310-musllinux_1_1_ppc64le.whl", hash = "sha256:766c8f7511df26d9f11cd3a8be623e59cca73d44643abab3f8c8c07620524e4a"},
    {file = "multidict-6.0.5-cp310-cp310-musllinux_1_1_s390x.whl", hash = "sha256:fe5d7785250541f7f5019ab9cba2c71169dc7d74d0f45253f8313f436458a4ef"},
    {file = "multidict-6.0.5-cp310-cp310-musllinux_1_1_x86_64.whl", hash = "sha256:c1c1496e73051918fcd4f58ff2e0f2f3066d1c76a0c6aeffd9b45d53243702cc"},
    {file = "multidict-6.0.5-cp310-cp310-win32.whl", hash = "sha256:7afcdd1fc07befad18ec4523a782cde4e93e0a2bf71239894b8d61ee578c1319"},
    {file = "multidict-6.0.5-cp310-cp310-win_amd64.whl", hash = "sha256:99f60d34c048c5c2fabc766108c103612344c46e35d4ed9ae0673d33c8fb26e8"},
    {file = "multidict-6.0.5-cp311-cp311-macosx_10_9_universal2.whl", hash = "sha256:f285e862d2f153a70586579c15c44656f888806ed0e5b56b64489afe4a2dbfba"},
    {file = "multidict-6.0.5-cp311-cp311-macosx_10_9_x86_64.whl", hash = "sha256:53689bb4e102200a4fafa9de9c7c3c212ab40a7ab2c8e474491914d2305f187e"},
    {file = "multidict-6.0.5-cp311-cp311-macosx_11_0_arm64.whl", hash = "sha256:612d1156111ae11d14afaf3a0669ebf6c170dbb735e510a7438ffe2369a847fd"},
    {file = "multidict-6.0.5-cp311-cp311-manylinux_2_17_aarch64.manylinux2014_aarch64.whl", hash = "sha256:7be7047bd08accdb7487737631d25735c9a04327911de89ff1b26b81745bd4e3"},
    {file = "multidict-6.0.5-cp311-cp311-manylinux_2_17_ppc64le.manylinux2014_ppc64le.whl", hash = "sha256:de170c7b4fe6859beb8926e84f7d7d6c693dfe8e27372ce3b76f01c46e489fcf"},
    {file = "multidict-6.0.5-cp311-cp311-manylinux_2_17_s390x.manylinux2014_s390x.whl", hash = "sha256:04bde7a7b3de05732a4eb39c94574db1ec99abb56162d6c520ad26f83267de29"},
    {file = "multidict-6.0.5-cp311-cp311-manylinux_2_17_x86_64.manylinux2014_x86_64.whl", hash = "sha256:85f67aed7bb647f93e7520633d8f51d3cbc6ab96957c71272b286b2f30dc70ed"},
    {file = "multidict-6.0.5-cp311-cp311-manylinux_2_5_i686.manylinux1_i686.manylinux_2_17_i686.manylinux2014_i686.whl", hash = "sha256:425bf820055005bfc8aa9a0b99ccb52cc2f4070153e34b701acc98d201693733"},
    {file = "multidict-6.0.5-cp311-cp311-musllinux_1_1_aarch64.whl", hash = "sha256:d3eb1ceec286eba8220c26f3b0096cf189aea7057b6e7b7a2e60ed36b373b77f"},
    {file = "multidict-6.0.5-cp311-cp311-musllinux_1_1_i686.whl", hash = "sha256:7901c05ead4b3fb75113fb1dd33eb1253c6d3ee37ce93305acd9d38e0b5f21a4"},
    {file = "multidict-6.0.5-cp311-cp311-musllinux_1_1_ppc64le.whl", hash = "sha256:e0e79d91e71b9867c73323a3444724d496c037e578a0e1755ae159ba14f4f3d1"},
    {file = "multidict-6.0.5-cp311-cp311-musllinux_1_1_s390x.whl", hash = "sha256:29bfeb0dff5cb5fdab2023a7a9947b3b4af63e9c47cae2a10ad58394b517fddc"},
    {file = "multidict-6.0.5-cp311-cp311-musllinux_1_1_x86_64.whl", hash = "sha256:e030047e85cbcedbfc073f71836d62dd5dadfbe7531cae27789ff66bc551bd5e"},
    {file = "multidict-6.0.5-cp311-cp311-win32.whl", hash = "sha256:2f4848aa3baa109e6ab81fe2006c77ed4d3cd1e0ac2c1fbddb7b1277c168788c"},
    {file = "multidict-6.0.5-cp311-cp311-win_amd64.whl", hash = "sha256:2faa5ae9376faba05f630d7e5e6be05be22913782b927b19d12b8145968a85ea"},
    {file = "multidict-6.0.5-cp312-cp312-macosx_10_9_universal2.whl", hash = "sha256:51d035609b86722963404f711db441cf7134f1889107fb171a970c9701f92e1e"},
    {file = "multidict-6.0.5-cp312-cp312-macosx_10_9_x86_64.whl", hash = "sha256:cbebcd5bcaf1eaf302617c114aa67569dd3f090dd0ce8ba9e35e9985b41ac35b"},
    {file = "multidict-6.0.5-cp312-cp312-macosx_11_0_arm64.whl", hash = "sha256:2ffc42c922dbfddb4a4c3b438eb056828719f07608af27d163191cb3e3aa6cc5"},
    {file = "multidict-6.0.5-cp312-cp312-manylinux_2_17_aarch64.manylinux2014_aarch64.whl", hash = "sha256:ceb3b7e6a0135e092de86110c5a74e46bda4bd4fbfeeb3a3bcec79c0f861e450"},
    {file = "multidict-6.0.5-cp312-cp312-manylinux_2_17_ppc64le.manylinux2014_ppc64le.whl", hash = "sha256:79660376075cfd4b2c80f295528aa6beb2058fd289f4c9252f986751a4cd0496"},
    {file = "multidict-6.0.5-cp312-cp312-manylinux_2_17_s390x.manylinux2014_s390x.whl", hash = "sha256:e4428b29611e989719874670fd152b6625500ad6c686d464e99f5aaeeaca175a"},
    {file = "multidict-6.0.5-cp312-cp312-manylinux_2_17_x86_64.manylinux2014_x86_64.whl", hash = "sha256:d84a5c3a5f7ce6db1f999fb9438f686bc2e09d38143f2d93d8406ed2dd6b9226"},
    {file = "multidict-6.0.5-cp312-cp312-manylinux_2_5_i686.manylinux1_i686.manylinux_2_17_i686.manylinux2014_i686.whl", hash = "sha256:76c0de87358b192de7ea9649beb392f107dcad9ad27276324c24c91774ca5271"},
    {file = "multidict-6.0.5-cp312-cp312-musllinux_1_1_aarch64.whl", hash = "sha256:79a6d2ba910adb2cbafc95dad936f8b9386e77c84c35bc0add315b856d7c3abb"},
    {file = "multidict-6.0.5-cp312-cp312-musllinux_1_1_i686.whl", hash = "sha256:92d16a3e275e38293623ebf639c471d3e03bb20b8ebb845237e0d3664914caef"},
    {file = "multidict-6.0.5-cp312-cp312-musllinux_1_1_ppc64le.whl", hash = "sha256:fb616be3538599e797a2017cccca78e354c767165e8858ab5116813146041a24"},
    {file = "multidict-6.0.5-cp312-cp312-musllinux_1_1_s390x.whl", hash = "sha256:14c2976aa9038c2629efa2c148022ed5eb4cb939e15ec7aace7ca932f48f9ba6"},
    {file = "multidict-6.0.5-cp312-cp312-musllinux_1_1_x86_64.whl", hash = "sha256:435a0984199d81ca178b9ae2c26ec3d49692d20ee29bc4c11a2a8d4514c67eda"},
    {file = "multidict-6.0.5-cp312-cp312-win32.whl", hash = "sha256:9fe7b0653ba3d9d65cbe7698cca585bf0f8c83dbbcc710db9c90f478e175f2d5"},
    {file = "multidict-6.0.5-cp312-cp312-win_amd64.whl", hash = "sha256:01265f5e40f5a17f8241d52656ed27192be03bfa8764d88e8220141d1e4b3556"},
    {file = "multidict-6.0.5-py3-none-any.whl", hash = "sha256:0d63c74e3d7ab26de115c49bffc92cc77ed23395303d496eae515d4204a625e7"},
    {file = "multidict-6.0.5.tar.gz", hash = "sha256:f7e301075edaf50500f0b341543c41194d8df3ae5caf4702f2095f3ca73dd8da"},
]

[[package]]
name = "ujson"
version = "5.9.0"
requires_python = ">=3.8"
summary = "Ultra fast JSON encoder and decoder for Python"
groups = ["dev"]
files = [
    {file = "ujson-5.9.0-cp310-cp310-macosx_10_9_x86_64.whl", hash = "sha256:ab71bf27b002eaf7d047c54a68e60230fbd5cd9da60de7ca0aa87d0bccead8fa"},
    {file = "ujson-5.9.0-cp310-cp310-macosx_11_0_arm64.whl", hash = "sha256:7a365eac66f5aa7a7fdf57e5066ada6226700884fc7dce2ba5483538bc16c8c5"},
    {file = "ujson-5.9.0-cp310-cp310-manylinux_2_17_aarch64.manylinux2014_aarch64.whl", hash = "sha256:e015122b337858dba5a3dc3533af2a8fc0410ee9e2374092f6a5b88b182e9fcc"},
    {file = "ujson-5.9.0-cp310-cp310-manylinux_2_17_x86_64.manylinux2014_x86_64.whl", hash = "sha256:779a2a88c53039bebfbccca934430dabb5c62cc179e09a9c27a322023f363e0d"},
    {file = "ujson-5.9.0-cp310-cp310-manylinux_2_5_i686.manylinux1_i686.manylinux_2_17_i686.manylinux2014_i686.whl", hash = "sha256:10ca3c41e80509fd9805f7c149068fa8dbee18872bbdc03d7cca928926a358d5"},
    {file = "ujson-5.9.0-cp310-cp310-musllinux_1_1_aarch64.whl", hash = "sha256:4a566e465cb2fcfdf040c2447b7dd9718799d0d90134b37a20dff1e27c0e9096"},
    {file = "ujson-5.9.0-cp310-cp310-musllinux_1_1_i686.whl", hash = "sha256:f833c529e922577226a05bc25b6a8b3eb6c4fb155b72dd88d33de99d53113124"},
    {file = "ujson-5.9.0-cp310-cp310-musllinux_1_1_x86_64.whl", hash = "sha256:b68a0caab33f359b4cbbc10065c88e3758c9f73a11a65a91f024b2e7a1257106"},
    {file = "ujson-5.9.0-cp310-cp310-win32.whl", hash = "sha256:7cc7e605d2aa6ae6b7321c3ae250d2e050f06082e71ab1a4200b4ae64d25863c"},
    {file = "ujson-5.9.0-cp310-cp310-win_amd64.whl", hash = "sha256:a6d3f10eb8ccba4316a6b5465b705ed70a06011c6f82418b59278fbc919bef6f"},
    {file = "ujson-5.9.0-cp311-cp311-macosx_10_9_x86_64.whl", hash = "sha256:3b23bbb46334ce51ddb5dded60c662fbf7bb74a37b8f87221c5b0fec1ec6454b"},
    {file = "ujson-5.9.0-cp311-cp311-macosx_11_0_arm64.whl", hash = "sha256:6974b3a7c17bbf829e6c3bfdc5823c67922e44ff169851a755eab79a3dd31ec0"},
    {file = "ujson-5.9.0-cp311-cp311-manylinux_2_17_aarch64.manylinux2014_aarch64.whl", hash = "sha256:b5964ea916edfe24af1f4cc68488448fbb1ec27a3ddcddc2b236da575c12c8ae"},
    {file = "ujson-5.9.0-cp311-cp311-manylinux_2_17_x86_64.manylinux2014_x86_64.whl", hash = "sha256:8ba7cac47dd65ff88571eceeff48bf30ed5eb9c67b34b88cb22869b7aa19600d"},
    {file = "ujson-5.9.0-cp311-cp311-manylinux_2_5_i686.manylinux1_i686.manylinux_2_17_i686.manylinux2014_i686.whl", hash = "sha256:6bbd91a151a8f3358c29355a491e915eb203f607267a25e6ab10531b3b157c5e"},
    {file = "ujson-5.9.0-cp311-cp311-musllinux_1_1_aarch64.whl", hash = "sha256:829a69d451a49c0de14a9fecb2a2d544a9b2c884c2b542adb243b683a6f15908"},
    {file = "ujson-5.9.0-cp311-cp311-musllinux_1_1_i686.whl", hash = "sha256:a807ae73c46ad5db161a7e883eec0fbe1bebc6a54890152ccc63072c4884823b"},
    {file = "ujson-5.9.0-cp311-cp311-musllinux_1_1_x86_64.whl", hash = "sha256:8fc2aa18b13d97b3c8ccecdf1a3c405f411a6e96adeee94233058c44ff92617d"},
    {file = "ujson-5.9.0-cp311-cp311-win32.whl", hash = "sha256:70e06849dfeb2548be48fdd3ceb53300640bc8100c379d6e19d78045e9c26120"},
    {file = "ujson-5.9.0-cp311-cp311-win_amd64.whl", hash = "sha256:7309d063cd392811acc49b5016728a5e1b46ab9907d321ebbe1c2156bc3c0b99"},
    {file = "ujson-5.9.0-cp312-cp312-macosx_10_9_x86_64.whl", hash = "sha256:20509a8c9f775b3a511e308bbe0b72897ba6b800767a7c90c5cca59d20d7c42c"},
    {file = "ujson-5.9.0-cp312-cp312-macosx_11_0_arm64.whl", hash = "sha256:b28407cfe315bd1b34f1ebe65d3bd735d6b36d409b334100be8cdffae2177b2f"},
    {file = "ujson-5.9.0-cp312-cp312-manylinux_2_17_aarch64.manylinux2014_aarch64.whl", hash = "sha256:9d302bd17989b6bd90d49bade66943c78f9e3670407dbc53ebcf61271cadc399"},
    {file = "ujson-5.9.0-cp312-cp312-manylinux_2_17_x86_64.manylinux2014_x86_64.whl", hash = "sha256:9f21315f51e0db8ee245e33a649dd2d9dce0594522de6f278d62f15f998e050e"},
    {file = "ujson-5.9.0-cp312-cp312-manylinux_2_5_i686.manylinux1_i686.manylinux_2_17_i686.manylinux2014_i686.whl", hash = "sha256:5635b78b636a54a86fdbf6f027e461aa6c6b948363bdf8d4fbb56a42b7388320"},
    {file = "ujson-5.9.0-cp312-cp312-musllinux_1_1_aarch64.whl", hash = "sha256:82b5a56609f1235d72835ee109163c7041b30920d70fe7dac9176c64df87c164"},
    {file = "ujson-5.9.0-cp312-cp312-musllinux_1_1_i686.whl", hash = "sha256:5ca35f484622fd208f55041b042d9d94f3b2c9c5add4e9af5ee9946d2d30db01"},
    {file = "ujson-5.9.0-cp312-cp312-musllinux_1_1_x86_64.whl", hash = "sha256:829b824953ebad76d46e4ae709e940bb229e8999e40881338b3cc94c771b876c"},
    {file = "ujson-5.9.0-cp312-cp312-win32.whl", hash = "sha256:25fa46e4ff0a2deecbcf7100af3a5d70090b461906f2299506485ff31d9ec437"},
    {file = "ujson-5.9.0-cp312-cp312-win_amd64.whl", hash = "sha256:60718f1720a61560618eff3b56fd517d107518d3c0160ca7a5a66ac949c6cf1c"},
    {file = "ujson-5.9.0-pp310-pypy310_pp73-macosx_10_9_x86_64.whl", hash = "sha256:ffdfebd819f492e48e4f31c97cb593b9c1a8251933d8f8972e81697f00326ff1"},
    {file = "ujson-5.9.0-pp310-pypy310_pp73-manylinux_2_17_aarch64.manylinux2014_aarch64.whl", hash = "sha256:c4eec2ddc046360d087cf35659c7ba0cbd101f32035e19047013162274e71fcf"},
    {file = "ujson-5.9.0-pp310-pypy310_pp73-manylinux_2_17_x86_64.manylinux2014_x86_64.whl", hash = "sha256:2fbb90aa5c23cb3d4b803c12aa220d26778c31b6e4b7a13a1f49971f6c7d088e"},
    {file = "ujson-5.9.0-pp310-pypy310_pp73-manylinux_2_5_i686.manylinux1_i686.manylinux_2_17_i686.manylinux2014_i686.whl", hash = "sha256:ba0823cb70866f0d6a4ad48d998dd338dce7314598721bc1b7986d054d782dfd"},
    {file = "ujson-5.9.0-pp310-pypy310_pp73-win_amd64.whl", hash = "sha256:4e35d7885ed612feb6b3dd1b7de28e89baaba4011ecdf995e88be9ac614765e9"},
    {file = "ujson-5.9.0-pp38-pypy38_pp73-macosx_10_9_x86_64.whl", hash = "sha256:b048aa93eace8571eedbd67b3766623e7f0acbf08ee291bef7d8106210432427"},
    {file = "ujson-5.9.0-pp38-pypy38_pp73-manylinux_2_17_x86_64.manylinux2014_x86_64.whl", hash = "sha256:323279e68c195110ef85cbe5edce885219e3d4a48705448720ad925d88c9f851"},
    {file = "ujson-5.9.0-pp38-pypy38_pp73-manylinux_2_5_i686.manylinux1_i686.manylinux_2_17_i686.manylinux2014_i686.whl", hash = "sha256:9ac92d86ff34296f881e12aa955f7014d276895e0e4e868ba7fddebbde38e378"},
    {file = "ujson-5.9.0-pp38-pypy38_pp73-win_amd64.whl", hash = "sha256:6eecbd09b316cea1fd929b1e25f70382917542ab11b692cb46ec9b0a26c7427f"},
    {file = "ujson-5.9.0-pp39-pypy39_pp73-macosx_10_9_x86_64.whl", hash = "sha256:473fb8dff1d58f49912323d7cb0859df5585cfc932e4b9c053bf8cf7f2d7c5c4"},
    {file = "ujson-5.9.0-pp39-pypy39_pp73-manylinux_2_17_aarch64.manylinux2014_aarch64.whl", hash = "sha256:f91719c6abafe429c1a144cfe27883eace9fb1c09a9c5ef1bcb3ae80a3076a4e"},
    {file = "ujson-5.9.0-pp39-pypy39_pp73-manylinux_2_17_x86_64.manylinux2014_x86_64.whl", hash = "sha256:7b1c0991c4fe256f5fdb19758f7eac7f47caac29a6c57d0de16a19048eb86bad"},
    {file = "ujson-5.9.0-pp39-pypy39_pp73-manylinux_2_5_i686.manylinux1_i686.manylinux_2_17_i686.manylinux2014_i686.whl", hash = "sha256:2a8ea0f55a1396708e564595aaa6696c0d8af532340f477162ff6927ecc46e21"},
    {file = "ujson-5.9.0-pp39-pypy39_pp73-win_amd64.whl", hash = "sha256:07e0cfdde5fd91f54cd2d7ffb3482c8ff1bf558abf32a8b953a5d169575ae1cd"},
    {file = "ujson-5.9.0.tar.gz", hash = "sha256:89cc92e73d5501b8a7f48575eeb14ad27156ad092c2e9fc7e3cf949f07e75532"},
]

[[package]]
name = "yarl"
version = "1.9.4"
requires_python = ">=3.7"
summary = "Yet another URL library"
groups = ["default"]
dependencies = [
    "idna>=2.0",
    "multidict>=4.0",
]
files = [
    {file = "yarl-1.9.4-cp310-cp310-macosx_10_9_universal2.whl", hash = "sha256:a8c1df72eb746f4136fe9a2e72b0c9dc1da1cbd23b5372f94b5820ff8ae30e0e"},
    {file = "yarl-1.9.4-cp310-cp310-macosx_10_9_x86_64.whl", hash = "sha256:a3a6ed1d525bfb91b3fc9b690c5a21bb52de28c018530ad85093cc488bee2dd2"},
    {file = "yarl-1.9.4-cp310-cp310-macosx_11_0_arm64.whl", hash = "sha256:c38c9ddb6103ceae4e4498f9c08fac9b590c5c71b0370f98714768e22ac6fa66"},
    {file = "yarl-1.9.4-cp310-cp310-manylinux_2_17_aarch64.manylinux2014_aarch64.whl", hash = "sha256:d9e09c9d74f4566e905a0b8fa668c58109f7624db96a2171f21747abc7524234"},
    {file = "yarl-1.9.4-cp310-cp310-manylinux_2_17_ppc64le.manylinux2014_ppc64le.whl", hash = "sha256:b8477c1ee4bd47c57d49621a062121c3023609f7a13b8a46953eb6c9716ca392"},
    {file = "yarl-1.9.4-cp310-cp310-manylinux_2_17_s390x.manylinux2014_s390x.whl", hash = "sha256:d5ff2c858f5f6a42c2a8e751100f237c5e869cbde669a724f2062d4c4ef93551"},
    {file = "yarl-1.9.4-cp310-cp310-manylinux_2_17_x86_64.manylinux2014_x86_64.whl", hash = "sha256:357495293086c5b6d34ca9616a43d329317feab7917518bc97a08f9e55648455"},
    {file = "yarl-1.9.4-cp310-cp310-manylinux_2_5_i686.manylinux1_i686.manylinux_2_17_i686.manylinux2014_i686.whl", hash = "sha256:54525ae423d7b7a8ee81ba189f131054defdb122cde31ff17477951464c1691c"},
    {file = "yarl-1.9.4-cp310-cp310-musllinux_1_1_aarch64.whl", hash = "sha256:801e9264d19643548651b9db361ce3287176671fb0117f96b5ac0ee1c3530d53"},
    {file = "yarl-1.9.4-cp310-cp310-musllinux_1_1_i686.whl", hash = "sha256:e516dc8baf7b380e6c1c26792610230f37147bb754d6426462ab115a02944385"},
    {file = "yarl-1.9.4-cp310-cp310-musllinux_1_1_ppc64le.whl", hash = "sha256:7d5aaac37d19b2904bb9dfe12cdb08c8443e7ba7d2852894ad448d4b8f442863"},
    {file = "yarl-1.9.4-cp310-cp310-musllinux_1_1_s390x.whl", hash = "sha256:54beabb809ffcacbd9d28ac57b0db46e42a6e341a030293fb3185c409e626b8b"},
    {file = "yarl-1.9.4-cp310-cp310-musllinux_1_1_x86_64.whl", hash = "sha256:bac8d525a8dbc2a1507ec731d2867025d11ceadcb4dd421423a5d42c56818541"},
    {file = "yarl-1.9.4-cp310-cp310-win32.whl", hash = "sha256:7855426dfbddac81896b6e533ebefc0af2f132d4a47340cee6d22cac7190022d"},
    {file = "yarl-1.9.4-cp310-cp310-win_amd64.whl", hash = "sha256:848cd2a1df56ddbffeb375535fb62c9d1645dde33ca4d51341378b3f5954429b"},
    {file = "yarl-1.9.4-cp311-cp311-macosx_10_9_universal2.whl", hash = "sha256:35a2b9396879ce32754bd457d31a51ff0a9d426fd9e0e3c33394bf4b9036b099"},
    {file = "yarl-1.9.4-cp311-cp311-macosx_10_9_x86_64.whl", hash = "sha256:4c7d56b293cc071e82532f70adcbd8b61909eec973ae9d2d1f9b233f3d943f2c"},
    {file = "yarl-1.9.4-cp311-cp311-macosx_11_0_arm64.whl", hash = "sha256:d8a1c6c0be645c745a081c192e747c5de06e944a0d21245f4cf7c05e457c36e0"},
    {file = "yarl-1.9.4-cp311-cp311-manylinux_2_17_aarch64.manylinux2014_aarch64.whl", hash = "sha256:4b3c1ffe10069f655ea2d731808e76e0f452fc6c749bea04781daf18e6039525"},
    {file = "yarl-1.9.4-cp311-cp311-manylinux_2_17_ppc64le.manylinux2014_ppc64le.whl", hash = "sha256:549d19c84c55d11687ddbd47eeb348a89df9cb30e1993f1b128f4685cd0ebbf8"},
    {file = "yarl-1.9.4-cp311-cp311-manylinux_2_17_s390x.manylinux2014_s390x.whl", hash = "sha256:a7409f968456111140c1c95301cadf071bd30a81cbd7ab829169fb9e3d72eae9"},
    {file = "yarl-1.9.4-cp311-cp311-manylinux_2_17_x86_64.manylinux2014_x86_64.whl", hash = "sha256:e23a6d84d9d1738dbc6e38167776107e63307dfc8ad108e580548d1f2c587f42"},
    {file = "yarl-1.9.4-cp311-cp311-manylinux_2_5_i686.manylinux1_i686.manylinux_2_17_i686.manylinux2014_i686.whl", hash = "sha256:d8b889777de69897406c9fb0b76cdf2fd0f31267861ae7501d93003d55f54fbe"},
    {file = "yarl-1.9.4-cp311-cp311-musllinux_1_1_aarch64.whl", hash = "sha256:03caa9507d3d3c83bca08650678e25364e1843b484f19986a527630ca376ecce"},
    {file = "yarl-1.9.4-cp311-cp311-musllinux_1_1_i686.whl", hash = "sha256:4e9035df8d0880b2f1c7f5031f33f69e071dfe72ee9310cfc76f7b605958ceb9"},
    {file = "yarl-1.9.4-cp311-cp311-musllinux_1_1_ppc64le.whl", hash = "sha256:c0ec0ed476f77db9fb29bca17f0a8fcc7bc97ad4c6c1d8959c507decb22e8572"},
    {file = "yarl-1.9.4-cp311-cp311-musllinux_1_1_s390x.whl", hash = "sha256:ee04010f26d5102399bd17f8df8bc38dc7ccd7701dc77f4a68c5b8d733406958"},
    {file = "yarl-1.9.4-cp311-cp311-musllinux_1_1_x86_64.whl", hash = "sha256:49a180c2e0743d5d6e0b4d1a9e5f633c62eca3f8a86ba5dd3c471060e352ca98"},
    {file = "yarl-1.9.4-cp311-cp311-win32.whl", hash = "sha256:81eb57278deb6098a5b62e88ad8281b2ba09f2f1147c4767522353eaa6260b31"},
    {file = "yarl-1.9.4-cp311-cp311-win_amd64.whl", hash = "sha256:d1d2532b340b692880261c15aee4dc94dd22ca5d61b9db9a8a361953d36410b1"},
    {file = "yarl-1.9.4-cp312-cp312-macosx_10_9_universal2.whl", hash = "sha256:0d2454f0aef65ea81037759be5ca9947539667eecebca092733b2eb43c965a81"},
    {file = "yarl-1.9.4-cp312-cp312-macosx_10_9_x86_64.whl", hash = "sha256:44d8ffbb9c06e5a7f529f38f53eda23e50d1ed33c6c869e01481d3fafa6b8142"},
    {file = "yarl-1.9.4-cp312-cp312-macosx_11_0_arm64.whl", hash = "sha256:aaaea1e536f98754a6e5c56091baa1b6ce2f2700cc4a00b0d49eca8dea471074"},
    {file = "yarl-1.9.4-cp312-cp312-manylinux_2_17_aarch64.manylinux2014_aarch64.whl", hash = "sha256:3777ce5536d17989c91696db1d459574e9a9bd37660ea7ee4d3344579bb6f129"},
    {file = "yarl-1.9.4-cp312-cp312-manylinux_2_17_ppc64le.manylinux2014_ppc64le.whl", hash = "sha256:9fc5fc1eeb029757349ad26bbc5880557389a03fa6ada41703db5e068881e5f2"},
    {file = "yarl-1.9.4-cp312-cp312-manylinux_2_17_s390x.manylinux2014_s390x.whl", hash = "sha256:ea65804b5dc88dacd4a40279af0cdadcfe74b3e5b4c897aa0d81cf86927fee78"},
    {file = "yarl-1.9.4-cp312-cp312-manylinux_2_17_x86_64.manylinux2014_x86_64.whl", hash = "sha256:aa102d6d280a5455ad6a0f9e6d769989638718e938a6a0a2ff3f4a7ff8c62cc4"},
    {file = "yarl-1.9.4-cp312-cp312-manylinux_2_5_i686.manylinux1_i686.manylinux_2_17_i686.manylinux2014_i686.whl", hash = "sha256:09efe4615ada057ba2d30df871d2f668af661e971dfeedf0c159927d48bbeff0"},
    {file = "yarl-1.9.4-cp312-cp312-musllinux_1_1_aarch64.whl", hash = "sha256:008d3e808d03ef28542372d01057fd09168419cdc8f848efe2804f894ae03e51"},
    {file = "yarl-1.9.4-cp312-cp312-musllinux_1_1_i686.whl", hash = "sha256:6f5cb257bc2ec58f437da2b37a8cd48f666db96d47b8a3115c29f316313654ff"},
    {file = "yarl-1.9.4-cp312-cp312-musllinux_1_1_ppc64le.whl", hash = "sha256:992f18e0ea248ee03b5a6e8b3b4738850ae7dbb172cc41c966462801cbf62cf7"},
    {file = "yarl-1.9.4-cp312-cp312-musllinux_1_1_s390x.whl", hash = "sha256:0e9d124c191d5b881060a9e5060627694c3bdd1fe24c5eecc8d5d7d0eb6faabc"},
    {file = "yarl-1.9.4-cp312-cp312-musllinux_1_1_x86_64.whl", hash = "sha256:3986b6f41ad22988e53d5778f91855dc0399b043fc8946d4f2e68af22ee9ff10"},
    {file = "yarl-1.9.4-cp312-cp312-win32.whl", hash = "sha256:4b21516d181cd77ebd06ce160ef8cc2a5e9ad35fb1c5930882baff5ac865eee7"},
    {file = "yarl-1.9.4-cp312-cp312-win_amd64.whl", hash = "sha256:a9bd00dc3bc395a662900f33f74feb3e757429e545d831eef5bb280252631984"},
    {file = "yarl-1.9.4-py3-none-any.whl", hash = "sha256:928cecb0ef9d5a7946eb6ff58417ad2fe9375762382f1bf5c55e61645f2c43ad"},
    {file = "yarl-1.9.4.tar.gz", hash = "sha256:566db86717cf8080b99b58b083b773a908ae40f06681e87e589a976faf8246bf"},
]
